
Microsoft Visual Studio Solution File, Format Version 12.00
# Visual Studio Version 17
VisualStudioVersion = 17.3.32922.545
MinimumVisualStudioVersion = 10.0.40219.1
Project("{FAE04EC0-301F-11D3-BF4B-00C04F79EFBC}") = "TP4_YASSINE", "TP4_YASSINE\TP4_YASSINE.csproj", "{EEF9652A-82B7-46B5-9DC6-80349D252D59}"
EndProject
Global
	GlobalSection(SolutionConfigurationPlatforms) = preSolution
		Debug|Any CPU = Debug|Any CPU
		Release|Any CPU = Release|Any CPU
	EndGlobalSection
	GlobalSection(ProjectConfigurationPlatforms) = postSolution
		{EEF9652A-82B7-46B5-9DC6-80349D252D59}.Debug|Any CPU.ActiveCfg = Debug|Any CPU
		{EEF9652A-82B7-46B5-9DC6-80349D252D59}.Debug|Any CPU.Build.0 = Debug|Any CPU
		{EEF9652A-82B7-46B5-9DC6-80349D252D59}.Release|Any CPU.ActiveCfg = Release|Any CPU
		{EEF9652A-82B7-46B5-9DC6-80349D252D59}.Release|Any CPU.Build.0 = Release|Any CPU
	EndGlobalSection
	GlobalSection(SolutionProperties) = preSolution
		HideSolutionNode = FALSE
	EndGlobalSection
	GlobalSection(ExtensibilityGlobals) = postSolution
		SolutionGuid = {A60DCACB-B917-4F9F-979A-5627869EFD8D}
	EndGlobalSection
EndGlobal
